
Microsoft Visual Studio Solution File, Format Version 12.00
# Visual Studio Version 17
VisualStudioVersion = 17.12.35527.113 d17.12
MinimumVisualStudioVersion = 10.0.40219.1
Project("{FAE04EC0-301F-11D3-BF4B-00C04F79EFBC}") = "KafkaObservableProj", "KafkaObservableProj\KafkaObservableProj.csproj", "{F14F2E65-5408-4BC3-9765-3589C2B53DD4}"
EndProject
Global
	GlobalSection(SolutionConfigurationPlatforms) = preSolution
		Debug|Any CPU = Debug|Any CPU
		Release|Any CPU = Release|Any CPU
	EndGlobalSection
	GlobalSection(ProjectConfigurationPlatforms) = postSolution
		{F14F2E65-5408-4BC3-9765-3589C2B53DD4}.Debug|Any CPU.ActiveCfg = Debug|Any CPU
		{F14F2E65-5408-4BC3-9765-3589C2B53DD4}.Debug|Any CPU.Build.0 = Debug|Any CPU
		{F14F2E65-5408-4BC3-9765-3589C2B53DD4}.Release|Any CPU.ActiveCfg = Release|Any CPU
		{F14F2E65-5408-4BC3-9765-3589C2B53DD4}.Release|Any CPU.Build.0 = Release|Any CPU
	EndGlobalSection
	GlobalSection(SolutionProperties) = preSolution
		HideSolutionNode = FALSE
	EndGlobalSection
EndGlobal
